// !$*UTF8*$!
{
	archiveVersion = 1;
	classes = {
	};
	objectVersion = 54;
	objects = {

/* Begin PBXBuildFile section */
		3D0926452FADED3700FC7357 /* OnboardingRouter.swift in Sources */ = {isa = PBXBuildFile; fileRef = 3D0926442FADED3700FC7357 /* OnboardingRouter.swift */; };
		3D0926482FADED6000FC7357 /* OnboardingBuilder.swift in Sources */ = {isa = PBXBuildFile; fileRef = 3D0926472FADED6000FC7357 /* OnboardingBuilder.swift */; };
		3D09264D2FADEDC500FC7357 /* OnboardingViewController.swift in Sources */ = {isa = PBXBuildFile; fileRef = 3D09264B2FADEDC500FC7357 /* OnboardingViewController.swift */; };
		3D0926502FADEEE200FC7357 /* OnboardingPage.swift in Sources */ = {isa = PBXBuildFile; fileRef = 3D09264F2FADEEE200FC7357 /* OnboardingPage.swift */; };
		3D0926522FADEFE300FC7357 /* PageViewController.swift in Sources */ = {isa = PBXBuildFile; fileRef = 3D0926512FADEFE300FC7357 /* PageViewController.swift */; };
		3D0926582FAE4C9B00FC7357 /* PageViewController.xib in Resources */ = {isa = PBXBuildFile; fileRef = 3D0926572FAE4C9B00FC7357 /* PageViewController.xib */; };
		3D09265B2FAE53DC00FC7357 /* SDWebImage in Frameworks */ = {isa = PBXBuildFile; productRef = 3D09265A2FAE53DC00FC7357 /* SDWebImage */; };
		3D09265E2FAE54B300FC7357 /* Alamofire in Frameworks */ = {isa = PBXBuildFile; productRef = 3D09265D2FAE54B300FC7357 /* Alamofire */; };
		3D1CBC672FB23176004B46E0 /* FavoriteLeaguePresenter.swift in Sources */ = {isa = PBXBuildFile; fileRef = 3D1CBC662FB23176004B46E0 /* FavoriteLeaguePresenter.swift */; };
		3D1CBC692FB231B8004B46E0 /* FavoriteLeagueViewController.swift in Sources */ = {isa = PBXBuildFile; fileRef = 3D1CBC682FB231B8004B46E0 /* FavoriteLeagueViewController.swift */; };
		3D1CBC6B2FB2326E004B46E0 /* FavoriteLeagueRouter.swift in Sources */ = {isa = PBXBuildFile; fileRef = 3D1CBC6A2FB2326E004B46E0 /* FavoriteLeagueRouter.swift */; };
		3D1CBC6D2FB236F6004B46E0 /* FavoriteLeagueBuilder.swift in Sources */ = {isa = PBXBuildFile; fileRef = 3D1CBC6C2FB236F6004B46E0 /* FavoriteLeagueBuilder.swift */; };
		3D1CBC6F2FB248D7004B46E0 /* FavoriteLeagueViewController.xib in Resources */ = {isa = PBXBuildFile; fileRef = 3D1CBC6E2FB248D7004B46E0 /* FavoriteLeagueViewController.xib */; };
		3D1F4AEF2FB514E500A4A069 /* TeamDetailsBuilder.swift in Sources */ = {isa = PBXBuildFile; fileRef = 3D1F4AEE2FB514E400A4A069 /* TeamDetailsBuilder.swift */; };
		3D1F4AF22FB5152A00A4A069 /* TeamDetailsContract.swift in Sources */ = {isa = PBXBuildFile; fileRef = 3D1F4AF12FB5152A00A4A069 /* TeamDetailsContract.swift */; };
		3D1F4AF42FB5155700A4A069 /* TeamDetailsPresener.swift in Sources */ = {isa = PBXBuildFile; fileRef = 3D1F4AF32FB5155700A4A069 /* TeamDetailsPresener.swift */; };
		3D1F4AF62FB5157500A4A069 /* TeamDetailsRouter.swift in Sources */ = {isa = PBXBuildFile; fileRef = 3D1F4AF52FB5157500A4A069 /* TeamDetailsRouter.swift */; };
		3D1F4AF92FB515B000A4A069 /* TeamDetailsViewController.swift in Sources */ = {isa = PBXBuildFile; fileRef = 3D1F4AF72FB515B000A4A069 /* TeamDetailsViewController.swift */; };
		3D1F4AFA2FB515B000A4A069 /* TeamDetailsViewController.xib in Resources */ = {isa = PBXBuildFile; fileRef = 3D1F4AF82FB515B000A4A069 /* TeamDetailsViewController.xib */; };
		3D1F4B002FB5161200A4A069 /* PlayerCell.swift in Sources */ = {isa = PBXBuildFile; fileRef = 3D1F4AFE2FB5161200A4A069 /* PlayerCell.swift */; };
		3D1F4B012FB5161200A4A069 /* PlayerCell.xib in Resources */ = {isa = PBXBuildFile; fileRef = 3D1F4AFF2FB5161200A4A069 /* PlayerCell.xib */; };
		3D2467F22FB31928003298EA /* FavoriteLeagueViewModel.swift in Sources */ = {isa = PBXBuildFile; fileRef = 3D2467F12FB31928003298EA /* FavoriteLeagueViewModel.swift */; };
		3D6B30822FB3DB4E000CCFE1 /* AppTabBarController.swift in Sources */ = {isa = PBXBuildFile; fileRef = 3D6B30812FB3DB4E000CCFE1 /* AppTabBarController.swift */; };
		3D7FADFE2FB151FA004DCA03 /* FavoriteServiceProtocol.swift in Sources */ = {isa = PBXBuildFile; fileRef = 3D7FADFD2FB151FA004DCA03 /* FavoriteServiceProtocol.swift */; };
		3D95FD472FB14A5D00E601A4 /* FavoriteService.swift in Sources */ = {isa = PBXBuildFile; fileRef = 3D95FD462FB14A5D00E601A4 /* FavoriteService.swift */; };
		3DD9DF122FACEEFB00BBA3A0 /* AppDelegate.swift in Sources */ = {isa = PBXBuildFile; fileRef = 3DD9DF112FACEEFB00BBA3A0 /* AppDelegate.swift */; };
		3DD9DF142FACEEFB00BBA3A0 /* SceneDelegate.swift in Sources */ = {isa = PBXBuildFile; fileRef = 3DD9DF132FACEEFB00BBA3A0 /* SceneDelegate.swift */; };
		3DD9DF162FACEEFB00BBA3A0 /* ViewController.swift in Sources */ = {isa = PBXBuildFile; fileRef = 3DD9DF152FACEEFB00BBA3A0 /* ViewController.swift */; };
		3DD9DF192FACEEFB00BBA3A0 /* Main.storyboard in Resources */ = {isa = PBXBuildFile; fileRef = 3DD9DF172FACEEFB00BBA3A0 /* Main.storyboard */; };
		3DD9DF1C2FACEEFB00BBA3A0 /* Sportify.xcdatamodeld in Sources */ = {isa = PBXBuildFile; fileRef = 3DD9DF1A2FACEEFB00BBA3A0 /* Sportify.xcdatamodeld */; };
		3DD9DF1E2FACEEFD00BBA3A0 /* Assets.xcassets in Resources */ = {isa = PBXBuildFile; fileRef = 3DD9DF1D2FACEEFD00BBA3A0 /* Assets.xcassets */; };
		3DD9DF212FACEEFD00BBA3A0 /* LaunchScreen.storyboard in Resources */ = {isa = PBXBuildFile; fileRef = 3DD9DF1F2FACEEFD00BBA3A0 /* LaunchScreen.storyboard */; };
		3DD9DF2C2FACEEFD00BBA3A0 /* SportifyTests.swift in Sources */ = {isa = PBXBuildFile; fileRef = 3DD9DF2B2FACEEFD00BBA3A0 /* SportifyTests.swift */; };
		3DD9DF372FACEEFD00BBA3A0 /* SportifyUITests.swift in Sources */ = {isa = PBXBuildFile; fileRef = 3DD9DF362FACEEFD00BBA3A0 /* SportifyUITests.swift */; };
		3DD9DF482FAD30D200BBA3A0 /* OnboardingPresenter.swift in Sources */ = {isa = PBXBuildFile; fileRef = 3DD9DF472FAD30D200BBA3A0 /* OnboardingPresenter.swift */; };
		3DE5BB052FB0FBD0002754E2 /* SportsCardCell.swift in Sources */ = {isa = PBXBuildFile; fileRef = 3DE5BB042FB0FBD0002754E2 /* SportsCardCell.swift */; };
		3DE5BB082FB0FC21002754E2 /* SportsViewController.swift in Sources */ = {isa = PBXBuildFile; fileRef = 3DE5BB072FB0FC21002754E2 /* SportsViewController.swift */; };
		3DE5BB0A2FB0FD3E002754E2 /* SportsViewController.xib in Resources */ = {isa = PBXBuildFile; fileRef = 3DE5BB092FB0FD3E002754E2 /* SportsViewController.xib */; };
		3DE5BB0D2FB0FFA6002754E2 /* SportsBuilder.swift in Sources */ = {isa = PBXBuildFile; fileRef = 3DE5BB0C2FB0FFA6002754E2 /* SportsBuilder.swift */; };
		3DE5BB102FB10051002754E2 /* SportsRouter.swift in Sources */ = {isa = PBXBuildFile; fileRef = 3DE5BB0F2FB10051002754E2 /* SportsRouter.swift */; };
		3DE5BB132FB10086002754E2 /* SportsPresenter.swift in Sources */ = {isa = PBXBuildFile; fileRef = 3DE5BB122FB10086002754E2 /* SportsPresenter.swift */; };
		6D18AB532FB0C1FE00897E7D /* ImageExtension.swift in Sources */ = {isa = PBXBuildFile; fileRef = 6D18AB522FB0C1EF00897E7D /* ImageExtension.swift */; };
		6DA76E722FACF39A0054F9F8 /* SplashBuilder.swift in Sources */ = {isa = PBXBuildFile; fileRef = 6DA76E712FACF39A0054F9F8 /* SplashBuilder.swift */; };
		6DA76E742FACF3A50054F9F8 /* SplashPresenter.swift in Sources */ = {isa = PBXBuildFile; fileRef = 6DA76E732FACF3A50054F9F8 /* SplashPresenter.swift */; };
		6DA76E762FACF3AC0054F9F8 /* SplashRouter.swift in Sources */ = {isa = PBXBuildFile; fileRef = 6DA76E752FACF3AC0054F9F8 /* SplashRouter.swift */; };
		6DA76E792FACF3B50054F9F8 /* SplashViewController.swift in Sources */ = {isa = PBXBuildFile; fileRef = 6DA76E772FACF3B50054F9F8 /* SplashViewController.swift */; };
		6DA76E7A2FACF3B50054F9F8 /* SplashViewController.xib in Resources */ = {isa = PBXBuildFile; fileRef = 6DA76E782FACF3B50054F9F8 /* SplashViewController.xib */; };
		6DAC8CEE2FAF4B1700AEB487 /* APIConstants.swift in Sources */ = {isa = PBXBuildFile; fileRef = 6DAC8CED2FAF4B1400AEB487 /* APIConstants.swift */; };
		6DAC8CF02FAF4D8400AEB487 /* EndPoint.swift in Sources */ = {isa = PBXBuildFile; fileRef = 6DAC8CEF2FAF4D7900AEB487 /* EndPoint.swift */; };
		6DAC8CF22FAF555200AEB487 /* NetworkError.swift in Sources */ = {isa = PBXBuildFile; fileRef = 6DAC8CF12FAF555100AEB487 /* NetworkError.swift */; };
		6DAC8CF42FAF556E00AEB487 /* APIClient.swift in Sources */ = {isa = PBXBuildFile; fileRef = 6DAC8CF32FAF556C00AEB487 /* APIClient.swift */; };
		6DAC8CF62FAF587F00AEB487 /* APISport.swift in Sources */ = {isa = PBXBuildFile; fileRef = 6DAC8CF52FAF587A00AEB487 /* APISport.swift */; };
		6DAC8CF92FAF659100AEB487 /* DateExtension.swift in Sources */ = {isa = PBXBuildFile; fileRef = 6DAC8CF82FAF658D00AEB487 /* DateExtension.swift */; };
		6DAC8CFC2FAF689500AEB487 /* LeaguesService.swift in Sources */ = {isa = PBXBuildFile; fileRef = 6DAC8CFB2FAF689300AEB487 /* LeaguesService.swift */; };
		6DAC8CFF2FAF696B00AEB487 /* League.swift in Sources */ = {isa = PBXBuildFile; fileRef = 6DAC8CFE2FAF696900AEB487 /* League.swift */; };
		6DAC8D012FAF697E00AEB487 /* Player.swift in Sources */ = {isa = PBXBuildFile; fileRef = 6DAC8D002FAF697700AEB487 /* Player.swift */; };
		6DAC8D032FAF698800AEB487 /* Event.swift in Sources */ = {isa = PBXBuildFile; fileRef = 6DAC8D022FAF698500AEB487 /* Event.swift */; };
		6DAC8D072FAF887700AEB487 /* BaseResponse.swift in Sources */ = {isa = PBXBuildFile; fileRef = 6DAC8D062FAF886C00AEB487 /* BaseResponse.swift */; };
		6DAC8D092FAF8A7200AEB487 /* Team.swift in Sources */ = {isa = PBXBuildFile; fileRef = 6DAC8D082FAF8A6F00AEB487 /* Team.swift */; };
		6DAC8D0C2FAF8B1F00AEB487 /* LeaguesServiceProtocol.swift in Sources */ = {isa = PBXBuildFile; fileRef = 6DAC8D0B2FAF8B1A00AEB487 /* LeaguesServiceProtocol.swift */; };
		6DAC8D112FAF921600AEB487 /* TeamsService.swift in Sources */ = {isa = PBXBuildFile; fileRef = 6DAC8D102FAF920E00AEB487 /* TeamsService.swift */; };
		6DAC8D132FAF925D00AEB487 /* TeamsServiceProtocol.swift in Sources */ = {isa = PBXBuildFile; fileRef = 6DAC8D122FAF925A00AEB487 /* TeamsServiceProtocol.swift */; };
		6DAC8D152FAF928B00AEB487 /* FixturesService.swift in Sources */ = {isa = PBXBuildFile; fileRef = 6DAC8D142FAF928500AEB487 /* FixturesService.swift */; };
		6DAC8D172FAF929B00AEB487 /* FixturesServiceProtocol.swift in Sources */ = {isa = PBXBuildFile; fileRef = 6DAC8D162FAF929400AEB487 /* FixturesServiceProtocol.swift */; };
		6DAC8D192FAF930800AEB487 /* PlayersServiceProtocol.swift in Sources */ = {isa = PBXBuildFile; fileRef = 6DAC8D182FAF92F900AEB487 /* PlayersServiceProtocol.swift */; };
		6DAC8D1B2FAF931600AEB487 /* PlayersService.swift in Sources */ = {isa = PBXBuildFile; fileRef = 6DAC8D1A2FAF930D00AEB487 /* PlayersService.swift */; };
		6DAC8D1D2FAFB7EF00AEB487 /* ReachabilityManager.swift in Sources */ = {isa = PBXBuildFile; fileRef = 6DAC8D1C2FAFB7ED00AEB487 /* ReachabilityManager.swift */; };
		6DAC8D212FAFEBCC00AEB487 /* LeaguesBuilder.swift in Sources */ = {isa = PBXBuildFile; fileRef = 6DAC8D202FAFEBC600AEB487 /* LeaguesBuilder.swift */; };
		6DAC8D262FAFEC0800AEB487 /* LeaguesContract.swift in Sources */ = {isa = PBXBuildFile; fileRef = 6DAC8D252FAFEC0600AEB487 /* LeaguesContract.swift */; };
		6DAC8D2C2FAFEC4000AEB487 /* LeaguesPresenter.swift in Sources */ = {isa = PBXBuildFile; fileRef = 6DAC8D2B2FAFEC3E00AEB487 /* LeaguesPresenter.swift */; };
		6DAC8D2F2FAFEC5700AEB487 /* LeaguesRouter.swift in Sources */ = {isa = PBXBuildFile; fileRef = 6DAC8D2E2FAFEC5500AEB487 /* LeaguesRouter.swift */; };
		6DAC8D372FAFECE700AEB487 /* LeaguesViewController.swift in Sources */ = {isa = PBXBuildFile; fileRef = 6DAC8D352FAFECE700AEB487 /* LeaguesViewController.swift */; };
		6DAC8D382FAFECE700AEB487 /* LeaguesViewController.xib in Resources */ = {isa = PBXBuildFile; fileRef = 6DAC8D362FAFECE700AEB487 /* LeaguesViewController.xib */; };
		6DAC8D3B2FAFED3000AEB487 /* LeagueCell.swift in Sources */ = {isa = PBXBuildFile; fileRef = 6DAC8D392FAFED3000AEB487 /* LeagueCell.swift */; };
		6DAC8D3C2FAFED3000AEB487 /* LeagueCell.xib in Resources */ = {isa = PBXBuildFile; fileRef = 6DAC8D3A2FAFED3000AEB487 /* LeagueCell.xib */; };
		6DDB0A612FB240C40090D45F /* LeagueDetailsViewController.xib in Resources */ = {isa = PBXBuildFile; fileRef = 6DDB0A602FB240C40090D45F /* LeagueDetailsViewController.xib */; };
		6DDB0A622FB240C40090D45F /* LeagueDetailsViewController.swift in Sources */ = {isa = PBXBuildFile; fileRef = 6DDB0A5F2FB240C40090D45F /* LeagueDetailsViewController.swift */; };
		6DDB0A682FB2427E0090D45F /* TeamCell.xib in Resources */ = {isa = PBXBuildFile; fileRef = 6DDB0A672FB2427E0090D45F /* TeamCell.xib */; };
		6DDB0A692FB2427E0090D45F /* TeamCell.swift in Sources */ = {isa = PBXBuildFile; fileRef = 6DDB0A662FB2427E0090D45F /* TeamCell.swift */; };
		6DDB0A6C2FB242990090D45F /* RecentCell.xib in Resources */ = {isa = PBXBuildFile; fileRef = 6DDB0A6B2FB242990090D45F /* RecentCell.xib */; };
		6DDB0A6D2FB242990090D45F /* RecentCell.swift in Sources */ = {isa = PBXBuildFile; fileRef = 6DDB0A6A2FB242990090D45F /* RecentCell.swift */; };
		6DDB0A702FB242AB0090D45F /* UpcomingCell.xib in Resources */ = {isa = PBXBuildFile; fileRef = 6DDB0A6F2FB242AB0090D45F /* UpcomingCell.xib */; };
		6DDB0A712FB242AB0090D45F /* UpcomingCell.swift in Sources */ = {isa = PBXBuildFile; fileRef = 6DDB0A6E2FB242AB0090D45F /* UpcomingCell.swift */; };
		6DDB0A762FB256560090D45F /* SectionHeaderView.swift in Sources */ = {isa = PBXBuildFile; fileRef = 6DDB0A752FB2564E0090D45F /* SectionHeaderView.swift */; };
		6DFEB13F2FB30C99003C0330 /* LeagueDetailsPresenter.swift in Sources */ = {isa = PBXBuildFile; fileRef = 6DFEB13E2FB30C8A003C0330 /* LeagueDetailsPresenter.swift */; };
		6DFEB1422FB30CD4003C0330 /* LeaguesDetailsContract.swift in Sources */ = {isa = PBXBuildFile; fileRef = 6DFEB1412FB30CCA003C0330 /* LeaguesDetailsContract.swift */; };
		6DFEB1442FB3136A003C0330 /* LeagueDetailsBuilder.swift in Sources */ = {isa = PBXBuildFile; fileRef = 6DFEB1432FB31358003C0330 /* LeagueDetailsBuilder.swift */; };
		6DFEB1462FB3140A003C0330 /* LeagueDetailsRouter.swift in Sources */ = {isa = PBXBuildFile; fileRef = 6DFEB1452FB31408003C0330 /* LeagueDetailsRouter.swift */; };
/* End PBXBuildFile section */

/* Begin PBXContainerItemProxy section */
		3DD9DF282FACEEFD00BBA3A0 /* PBXContainerItemProxy */ = {
			isa = PBXContainerItemProxy;
			containerPortal = 3DD9DF062FACEEFB00BBA3A0 /* Project object */;
			proxyType = 1;
			remoteGlobalIDString = 3DD9DF0D2FACEEFB00BBA3A0;
			remoteInfo = Sportify;
		};
		3DD9DF332FACEEFD00BBA3A0 /* PBXContainerItemProxy */ = {
			isa = PBXContainerItemProxy;
			containerPortal = 3DD9DF062FACEEFB00BBA3A0 /* Project object */;
			proxyType = 1;
			remoteGlobalIDString = 3DD9DF0D2FACEEFB00BBA3A0;
			remoteInfo = Sportify;
		};
/* End PBXContainerItemProxy section */

/* Begin PBXFileReference section */
		3D0926442FADED3700FC7357 /* OnboardingRouter.swift */ = {isa = PBXFileReference; lastKnownFileType = sourcecode.swift; path = OnboardingRouter.swift; sourceTree = "<group>"; };
		3D0926472FADED6000FC7357 /* OnboardingBuilder.swift */ = {isa = PBXFileReference; lastKnownFileType = sourcecode.swift; path = OnboardingBuilder.swift; sourceTree = "<group>"; };
		3D09264B2FADEDC500FC7357 /* OnboardingViewController.swift */ = {isa = PBXFileReference; lastKnownFileType = sourcecode.swift; path = OnboardingViewController.swift; sourceTree = "<group>"; };
		3D09264F2FADEEE200FC7357 /* OnboardingPage.swift */ = {isa = PBXFileReference; lastKnownFileType = sourcecode.swift; path = OnboardingPage.swift; sourceTree = "<group>"; };
		3D0926512FADEFE300FC7357 /* PageViewController.swift */ = {isa = PBXFileReference; lastKnownFileType = sourcecode.swift; path = PageViewController.swift; sourceTree = "<group>"; };
		3D0926572FAE4C9B00FC7357 /* PageViewController.xib */ = {isa = PBXFileReference; lastKnownFileType = file.xib; path = PageViewController.xib; sourceTree = "<group>"; };
		3D1CBC662FB23176004B46E0 /* FavoriteLeaguePresenter.swift */ = {isa = PBXFileReference; lastKnownFileType = sourcecode.swift; path = FavoriteLeaguePresenter.swift; sourceTree = "<group>"; };
		3D1CBC682FB231B8004B46E0 /* FavoriteLeagueViewController.swift */ = {isa = PBXFileReference; lastKnownFileType = sourcecode.swift; path = FavoriteLeagueViewController.swift; sourceTree = "<group>"; };
		3D1CBC6A2FB2326E004B46E0 /* FavoriteLeagueRouter.swift */ = {isa = PBXFileReference; lastKnownFileType = sourcecode.swift; path = FavoriteLeagueRouter.swift; sourceTree = "<group>"; };
		3D1CBC6C2FB236F6004B46E0 /* FavoriteLeagueBuilder.swift */ = {isa = PBXFileReference; lastKnownFileType = sourcecode.swift; path = FavoriteLeagueBuilder.swift; sourceTree = "<group>"; };
		3D1CBC6E2FB248D7004B46E0 /* FavoriteLeagueViewController.xib */ = {isa = PBXFileReference; lastKnownFileType = file.xib; path = FavoriteLeagueViewController.xib; sourceTree = "<group>"; };
		3D1F4AEE2FB514E400A4A069 /* TeamDetailsBuilder.swift */ = {isa = PBXFileReference; lastKnownFileType = sourcecode.swift; path = TeamDetailsBuilder.swift; sourceTree = "<group>"; };
		3D1F4AF12FB5152A00A4A069 /* TeamDetailsContract.swift */ = {isa = PBXFileReference; lastKnownFileType = sourcecode.swift; path = TeamDetailsContract.swift; sourceTree = "<group>"; };
		3D1F4AF32FB5155700A4A069 /* TeamDetailsPresener.swift */ = {isa = PBXFileReference; lastKnownFileType = sourcecode.swift; path = TeamDetailsPresener.swift; sourceTree = "<group>"; };
		3D1F4AF52FB5157500A4A069 /* TeamDetailsRouter.swift */ = {isa = PBXFileReference; lastKnownFileType = sourcecode.swift; path = TeamDetailsRouter.swift; sourceTree = "<group>"; };
		3D1F4AF72FB515B000A4A069 /* TeamDetailsViewController.swift */ = {isa = PBXFileReference; lastKnownFileType = sourcecode.swift; path = TeamDetailsViewController.swift; sourceTree = "<group>"; };
		3D1F4AF82FB515B000A4A069 /* TeamDetailsViewController.xib */ = {isa = PBXFileReference; lastKnownFileType = file.xib; path = TeamDetailsViewController.xib; sourceTree = "<group>"; };
		3D1F4AFE2FB5161200A4A069 /* PlayerCell.swift */ = {isa = PBXFileReference; lastKnownFileType = sourcecode.swift; path = PlayerCell.swift; sourceTree = "<group>"; };
		3D1F4AFF2FB5161200A4A069 /* PlayerCell.xib */ = {isa = PBXFileReference; lastKnownFileType = file.xib; path = PlayerCell.xib; sourceTree = "<group>"; };
		3D2467F12FB31928003298EA /* FavoriteLeagueViewModel.swift */ = {isa = PBXFileReference; lastKnownFileType = sourcecode.swift; path = FavoriteLeagueViewModel.swift; sourceTree = "<group>"; };
		3D6B30812FB3DB4E000CCFE1 /* AppTabBarController.swift */ = {isa = PBXFileReference; lastKnownFileType = sourcecode.swift; path = AppTabBarController.swift; sourceTree = "<group>"; };
		3D7FADFD2FB151FA004DCA03 /* FavoriteServiceProtocol.swift */ = {isa = PBXFileReference; lastKnownFileType = sourcecode.swift; path = FavoriteServiceProtocol.swift; sourceTree = "<group>"; };
		3D95FD462FB14A5D00E601A4 /* FavoriteService.swift */ = {isa = PBXFileReference; lastKnownFileType = sourcecode.swift; path = FavoriteService.swift; sourceTree = "<group>"; };
		3DD9DF0E2FACEEFB00BBA3A0 /* Sportify.app */ = {isa = PBXFileReference; explicitFileType = wrapper.application; includeInIndex = 0; path = Sportify.app; sourceTree = BUILT_PRODUCTS_DIR; };
		3DD9DF112FACEEFB00BBA3A0 /* AppDelegate.swift */ = {isa = PBXFileReference; lastKnownFileType = sourcecode.swift; path = AppDelegate.swift; sourceTree = "<group>"; };
		3DD9DF132FACEEFB00BBA3A0 /* SceneDelegate.swift */ = {isa = PBXFileReference; lastKnownFileType = sourcecode.swift; path = SceneDelegate.swift; sourceTree = "<group>"; };
		3DD9DF152FACEEFB00BBA3A0 /* ViewController.swift */ = {isa = PBXFileReference; lastKnownFileType = sourcecode.swift; path = ViewController.swift; sourceTree = "<group>"; };
		3DD9DF182FACEEFB00BBA3A0 /* Base */ = {isa = PBXFileReference; lastKnownFileType = file.storyboard; name = Base; path = Base.lproj/Main.storyboard; sourceTree = "<group>"; };
		3DD9DF1B2FACEEFB00BBA3A0 /* Sportify.xcdatamodel */ = {isa = PBXFileReference; lastKnownFileType = wrapper.xcdatamodel; path = Sportify.xcdatamodel; sourceTree = "<group>"; };
		3DD9DF1D2FACEEFD00BBA3A0 /* Assets.xcassets */ = {isa = PBXFileReference; lastKnownFileType = folder.assetcatalog; path = Assets.xcassets; sourceTree = "<group>"; };
		3DD9DF202FACEEFD00BBA3A0 /* Base */ = {isa = PBXFileReference; lastKnownFileType = file.storyboard; name = Base; path = Base.lproj/LaunchScreen.storyboard; sourceTree = "<group>"; };
		3DD9DF222FACEEFD00BBA3A0 /* Info.plist */ = {isa = PBXFileReference; lastKnownFileType = text.plist.xml; path = Info.plist; sourceTree = "<group>"; };
		3DD9DF272FACEEFD00BBA3A0 /* SportifyTests.xctest */ = {isa = PBXFileReference; explicitFileType = wrapper.cfbundle; includeInIndex = 0; path = SportifyTests.xctest; sourceTree = BUILT_PRODUCTS_DIR; };
		3DD9DF2B2FACEEFD00BBA3A0 /* SportifyTests.swift */ = {isa = PBXFileReference; lastKnownFileType = sourcecode.swift; path = SportifyTests.swift; sourceTree = "<group>"; };
		3DD9DF2D2FACEEFD00BBA3A0 /* Info.plist */ = {isa = PBXFileReference; lastKnownFileType = text.plist.xml; path = Info.plist; sourceTree = "<group>"; };
		3DD9DF322FACEEFD00BBA3A0 /* SportifyUITests.xctest */ = {isa = PBXFileReference; explicitFileType = wrapper.cfbundle; includeInIndex = 0; path = SportifyUITests.xctest; sourceTree = BUILT_PRODUCTS_DIR; };
		3DD9DF362FACEEFD00BBA3A0 /* SportifyUITests.swift */ = {isa = PBXFileReference; lastKnownFileType = sourcecode.swift; path = SportifyUITests.swift; sourceTree = "<group>"; };
		3DD9DF382FACEEFD00BBA3A0 /* Info.plist */ = {isa = PBXFileReference; lastKnownFileType = text.plist.xml; path = Info.plist; sourceTree = "<group>"; };
		3DD9DF472FAD30D200BBA3A0 /* OnboardingPresenter.swift */ = {isa = PBXFileReference; lastKnownFileType = sourcecode.swift; path = OnboardingPresenter.swift; sourceTree = "<group>"; };
		3DE5BB042FB0FBD0002754E2 /* SportsCardCell.swift */ = {isa = PBXFileReference; lastKnownFileType = sourcecode.swift; path = SportsCardCell.swift; sourceTree = "<group>"; };
		3DE5BB072FB0FC21002754E2 /* SportsViewController.swift */ = {isa = PBXFileReference; lastKnownFileType = sourcecode.swift; path = SportsViewController.swift; sourceTree = "<group>"; };
		3DE5BB092FB0FD3E002754E2 /* SportsViewController.xib */ = {isa = PBXFileReference; lastKnownFileType = file.xib; path = SportsViewController.xib; sourceTree = "<group>"; };
		3DE5BB0C2FB0FFA6002754E2 /* SportsBuilder.swift */ = {isa = PBXFileReference; lastKnownFileType = sourcecode.swift; path = SportsBuilder.swift; sourceTree = "<group>"; };
		3DE5BB0F2FB10051002754E2 /* SportsRouter.swift */ = {isa = PBXFileReference; lastKnownFileType = sourcecode.swift; path = SportsRouter.swift; sourceTree = "<group>"; };
		3DE5BB122FB10086002754E2 /* SportsPresenter.swift */ = {isa = PBXFileReference; lastKnownFileType = sourcecode.swift; path = SportsPresenter.swift; sourceTree = "<group>"; };
		6D18AB522FB0C1EF00897E7D /* ImageExtension.swift */ = {isa = PBXFileReference; lastKnownFileType = sourcecode.swift; path = ImageExtension.swift; sourceTree = "<group>"; };
		6DA76E712FACF39A0054F9F8 /* SplashBuilder.swift */ = {isa = PBXFileReference; lastKnownFileType = sourcecode.swift; path = SplashBuilder.swift; sourceTree = "<group>"; };
		6DA76E732FACF3A50054F9F8 /* SplashPresenter.swift */ = {isa = PBXFileReference; lastKnownFileType = sourcecode.swift; path = SplashPresenter.swift; sourceTree = "<group>"; };
		6DA76E752FACF3AC0054F9F8 /* SplashRouter.swift */ = {isa = PBXFileReference; lastKnownFileType = sourcecode.swift; path = SplashRouter.swift; sourceTree = "<group>"; };
		6DA76E772FACF3B50054F9F8 /* SplashViewController.swift */ = {isa = PBXFileReference; lastKnownFileType = sourcecode.swift; path = SplashViewController.swift; sourceTree = "<group>"; };
		6DA76E782FACF3B50054F9F8 /* SplashViewController.xib */ = {isa = PBXFileReference; lastKnownFileType = file.xib; path = SplashViewController.xib; sourceTree = "<group>"; };
		6DAC8CED2FAF4B1400AEB487 /* APIConstants.swift */ = {isa = PBXFileReference; lastKnownFileType = sourcecode.swift; path = APIConstants.swift; sourceTree = "<group>"; };
		6DAC8CEF2FAF4D7900AEB487 /* EndPoint.swift */ = {isa = PBXFileReference; lastKnownFileType = sourcecode.swift; path = EndPoint.swift; sourceTree = "<group>"; };
		6DAC8CF12FAF555100AEB487 /* NetworkError.swift */ = {isa = PBXFileReference; lastKnownFileType = sourcecode.swift; path = NetworkError.swift; sourceTree = "<group>"; };
		6DAC8CF32FAF556C00AEB487 /* APIClient.swift */ = {isa = PBXFileReference; lastKnownFileType = sourcecode.swift; path = APIClient.swift; sourceTree = "<group>"; };
		6DAC8CF52FAF587A00AEB487 /* APISport.swift */ = {isa = PBXFileReference; lastKnownFileType = sourcecode.swift; path = APISport.swift; sourceTree = "<group>"; };
		6DAC8CF82FAF658D00AEB487 /* DateExtension.swift */ = {isa = PBXFileReference; lastKnownFileType = sourcecode.swift; path = DateExtension.swift; sourceTree = "<group>"; };
		6DAC8CFB2FAF689300AEB487 /* LeaguesService.swift */ = {isa = PBXFileReference; lastKnownFileType = sourcecode.swift; path = LeaguesService.swift; sourceTree = "<group>"; };
		6DAC8CFE2FAF696900AEB487 /* League.swift */ = {isa = PBXFileReference; lastKnownFileType = sourcecode.swift; path = League.swift; sourceTree = "<group>"; };
		6DAC8D002FAF697700AEB487 /* Player.swift */ = {isa = PBXFileReference; lastKnownFileType = sourcecode.swift; path = Player.swift; sourceTree = "<group>"; };
		6DAC8D022FAF698500AEB487 /* Event.swift */ = {isa = PBXFileReference; lastKnownFileType = sourcecode.swift; path = Event.swift; sourceTree = "<group>"; };
		6DAC8D062FAF886C00AEB487 /* BaseResponse.swift */ = {isa = PBXFileReference; lastKnownFileType = sourcecode.swift; path = BaseResponse.swift; sourceTree = "<group>"; };
		6DAC8D082FAF8A6F00AEB487 /* Team.swift */ = {isa = PBXFileReference; lastKnownFileType = sourcecode.swift; path = Team.swift; sourceTree = "<group>"; };
		6DAC8D0B2FAF8B1A00AEB487 /* LeaguesServiceProtocol.swift */ = {isa = PBXFileReference; lastKnownFileType = sourcecode.swift; path = LeaguesServiceProtocol.swift; sourceTree = "<group>"; };
		6DAC8D102FAF920E00AEB487 /* TeamsService.swift */ = {isa = PBXFileReference; lastKnownFileType = sourcecode.swift; path = TeamsService.swift; sourceTree = "<group>"; };
		6DAC8D122FAF925A00AEB487 /* TeamsServiceProtocol.swift */ = {isa = PBXFileReference; lastKnownFileType = sourcecode.swift; path = TeamsServiceProtocol.swift; sourceTree = "<group>"; };
		6DAC8D142FAF928500AEB487 /* FixturesService.swift */ = {isa = PBXFileReference; lastKnownFileType = sourcecode.swift; path = FixturesService.swift; sourceTree = "<group>"; };
		6DAC8D162FAF929400AEB487 /* FixturesServiceProtocol.swift */ = {isa = PBXFileReference; lastKnownFileType = sourcecode.swift; path = FixturesServiceProtocol.swift; sourceTree = "<group>"; };
		6DAC8D182FAF92F900AEB487 /* PlayersServiceProtocol.swift */ = {isa = PBXFileReference; lastKnownFileType = sourcecode.swift; path = PlayersServiceProtocol.swift; sourceTree = "<group>"; };
		6DAC8D1A2FAF930D00AEB487 /* PlayersService.swift */ = {isa = PBXFileReference; lastKnownFileType = sourcecode.swift; path = PlayersService.swift; sourceTree = "<group>"; };
		6DAC8D1C2FAFB7ED00AEB487 /* ReachabilityManager.swift */ = {isa = PBXFileReference; lastKnownFileType = sourcecode.swift; path = ReachabilityManager.swift; sourceTree = "<group>"; };
		6DAC8D202FAFEBC600AEB487 /* LeaguesBuilder.swift */ = {isa = PBXFileReference; lastKnownFileType = sourcecode.swift; path = LeaguesBuilder.swift; sourceTree = "<group>"; };
		6DAC8D252FAFEC0600AEB487 /* LeaguesContract.swift */ = {isa = PBXFileReference; lastKnownFileType = sourcecode.swift; path = LeaguesContract.swift; sourceTree = "<group>"; };
		6DAC8D2B2FAFEC3E00AEB487 /* LeaguesPresenter.swift */ = {isa = PBXFileReference; lastKnownFileType = sourcecode.swift; path = LeaguesPresenter.swift; sourceTree = "<group>"; };
		6DAC8D2E2FAFEC5500AEB487 /* LeaguesRouter.swift */ = {isa = PBXFileReference; lastKnownFileType = sourcecode.swift; path = LeaguesRouter.swift; sourceTree = "<group>"; };
		6DAC8D352FAFECE700AEB487 /* LeaguesViewController.swift */ = {isa = PBXFileReference; lastKnownFileType = sourcecode.swift; path = LeaguesViewController.swift; sourceTree = "<group>"; };
		6DAC8D362FAFECE700AEB487 /* LeaguesViewController.xib */ = {isa = PBXFileReference; lastKnownFileType = file.xib; path = LeaguesViewController.xib; sourceTree = "<group>"; };
		6DAC8D392FAFED3000AEB487 /* LeagueCell.swift */ = {isa = PBXFileReference; lastKnownFileType = sourcecode.swift; path = LeagueCell.swift; sourceTree = "<group>"; };
		6DAC8D3A2FAFED3000AEB487 /* LeagueCell.xib */ = {isa = PBXFileReference; lastKnownFileType = file.xib; path = LeagueCell.xib; sourceTree = "<group>"; };
		6DDB0A5F2FB240C40090D45F /* LeagueDetailsViewController.swift */ = {isa = PBXFileReference; lastKnownFileType = sourcecode.swift; path = LeagueDetailsViewController.swift; sourceTree = "<group>"; };
		6DDB0A602FB240C40090D45F /* LeagueDetailsViewController.xib */ = {isa = PBXFileReference; lastKnownFileType = file.xib; path = LeagueDetailsViewController.xib; sourceTree = "<group>"; };
		6DDB0A662FB2427E0090D45F /* TeamCell.swift */ = {isa = PBXFileReference; lastKnownFileType = sourcecode.swift; path = TeamCell.swift; sourceTree = "<group>"; };
		6DDB0A672FB2427E0090D45F /* TeamCell.xib */ = {isa = PBXFileReference; lastKnownFileType = file.xib; path = TeamCell.xib; sourceTree = "<group>"; };
		6DDB0A6A2FB242990090D45F /* RecentCell.swift */ = {isa = PBXFileReference; lastKnownFileType = sourcecode.swift; path = RecentCell.swift; sourceTree = "<group>"; };
		6DDB0A6B2FB242990090D45F /* RecentCell.xib */ = {isa = PBXFileReference; lastKnownFileType = file.xib; path = RecentCell.xib; sourceTree = "<group>"; };
		6DDB0A6E2FB242AB0090D45F /* UpcomingCell.swift */ = {isa = PBXFileReference; lastKnownFileType = sourcecode.swift; name = UpcomingCell.swift; path = Sportify/Module/LeagueDetails/View/Cell/Upcoming/UpcomingCell.swift; sourceTree = SOURCE_ROOT; };
		6DDB0A6F2FB242AB0090D45F /* UpcomingCell.xib */ = {isa = PBXFileReference; lastKnownFileType = file.xib; name = UpcomingCell.xib; path = Sportify/Module/LeagueDetails/View/Cell/Upcoming/UpcomingCell.xib; sourceTree = SOURCE_ROOT; };
		6DDB0A752FB2564E0090D45F /* SectionHeaderView.swift */ = {isa = PBXFileReference; lastKnownFileType = sourcecode.swift; path = SectionHeaderView.swift; sourceTree = "<group>"; };
		6DFEB13E2FB30C8A003C0330 /* LeagueDetailsPresenter.swift */ = {isa = PBXFileReference; lastKnownFileType = sourcecode.swift; path = LeagueDetailsPresenter.swift; sourceTree = "<group>"; };
		6DFEB1412FB30CCA003C0330 /* LeaguesDetailsContract.swift */ = {isa = PBXFileReference; lastKnownFileType = sourcecode.swift; path = LeaguesDetailsContract.swift; sourceTree = "<group>"; };
		6DFEB1432FB31358003C0330 /* LeagueDetailsBuilder.swift */ = {isa = PBXFileReference; lastKnownFileType = sourcecode.swift; path = LeagueDetailsBuilder.swift; sourceTree = "<group>"; };
		6DFEB1452FB31408003C0330 /* LeagueDetailsRouter.swift */ = {isa = PBXFileReference; lastKnownFileType = sourcecode.swift; path = LeagueDetailsRouter.swift; sourceTree = "<group>"; };
/* End PBXFileReference section */

/* Begin PBXFrameworksBuildPhase section */
		3DD9DF0B2FACEEFB00BBA3A0 /* Frameworks */ = {
			isa = PBXFrameworksBuildPhase;
			buildActionMask = 2147483647;
			files = (
				3D09265B2FAE53DC00FC7357 /* SDWebImage in Frameworks */,
				3D09265E2FAE54B300FC7357 /* Alamofire in Frameworks */,
			);
			runOnlyForDeploymentPostprocessing = 0;
		};
		3DD9DF242FACEEFD00BBA3A0 /* Frameworks */ = {
			isa = PBXFrameworksBuildPhase;
			buildActionMask = 2147483647;
			files = (
			);
			runOnlyForDeploymentPostprocessing = 0;
		};
		3DD9DF2F2FACEEFD00BBA3A0 /* Frameworks */ = {
			isa = PBXFrameworksBuildPhase;
			buildActionMask = 2147483647;
			files = (
			);
			runOnlyForDeploymentPostprocessing = 0;
		};
/* End PBXFrameworksBuildPhase section */

/* Begin PBXGroup section */
		3D0926432FADED1300FC7357 /* Router */ = {
			isa = PBXGroup;
			children = (
				3D0926442FADED3700FC7357 /* OnboardingRouter.swift */,
			);
			path = Router;
			sourceTree = "<group>";
		};
		3D0926462FADED4E00FC7357 /* Builder */ = {
			isa = PBXGroup;
			children = (
				3D0926472FADED6000FC7357 /* OnboardingBuilder.swift */,
			);
			path = Builder;
			sourceTree = "<group>";
		};
		3D1CBC622FB2314B004B46E0 /* Presenter */ = {
			isa = PBXGroup;
			children = (
				3D1CBC662FB23176004B46E0 /* FavoriteLeaguePresenter.swift */,
			);
			path = Presenter;
			sourceTree = "<group>";
		};
		3D1CBC632FB23153004B46E0 /* Router */ = {
			isa = PBXGroup;
			children = (
				3D1CBC6A2FB2326E004B46E0 /* FavoriteLeagueRouter.swift */,
			);
			path = Router;
			sourceTree = "<group>";
		};
		3D1CBC642FB2315A004B46E0 /* View */ = {
			isa = PBXGroup;
			children = (
				3D1CBC682FB231B8004B46E0 /* FavoriteLeagueViewController.swift */,
				3D1CBC6E2FB248D7004B46E0 /* FavoriteLeagueViewController.xib */,
			);
			path = View;
			sourceTree = "<group>";
		};
		3D1CBC652FB23160004B46E0 /* Builder */ = {
			isa = PBXGroup;
			children = (
				3D1CBC6C2FB236F6004B46E0 /* FavoriteLeagueBuilder.swift */,
			);
			path = Builder;
			sourceTree = "<group>";
		};
		3D1F4AE92FB513AD00A4A069 /* TeamDetails */ = {
			isa = PBXGroup;
			children = (
				3D1F4AF02FB5151700A4A069 /* Contract */,
				3D1F4AED2FB5149600A4A069 /* Presenter */,
				3D1F4AEC2FB5148F00A4A069 /* View */,
				3D1F4AEB2FB5148800A4A069 /* Builder */,
				3D1F4AEA2FB5148200A4A069 /* Router */,
			);
			path = TeamDetails;
			sourceTree = "<group>";
		};
		3D1F4AEA2FB5148200A4A069 /* Router */ = {
			isa = PBXGroup;
			children = (
				3D1F4AF52FB5157500A4A069 /* TeamDetailsRouter.swift */,
			);
			path = Router;
			sourceTree = "<group>";
		};
		3D1F4AEB2FB5148800A4A069 /* Builder */ = {
			isa = PBXGroup;
			children = (
				3D1F4AEE2FB514E400A4A069 /* TeamDetailsBuilder.swift */,
			);
			path = Builder;
			sourceTree = "<group>";
		};
		3D1F4AEC2FB5148F00A4A069 /* View */ = {
			isa = PBXGroup;
			children = (
				3D1F4AFB2FB515CE00A4A069 /* Player Cell */,
				3D1F4AF72FB515B000A4A069 /* TeamDetailsViewController.swift */,
				3D1F4AF82FB515B000A4A069 /* TeamDetailsViewController.xib */,
			);
			path = View;
			sourceTree = "<group>";
		};
		3D1F4AED2FB5149600A4A069 /* Presenter */ = {
			isa = PBXGroup;
			children = (
				3D1F4AF32FB5155700A4A069 /* TeamDetailsPresener.swift */,
			);
			path = Presenter;
			sourceTree = "<group>";
		};
		3D1F4AF02FB5151700A4A069 /* Contract */ = {
			isa = PBXGroup;
			children = (
				3D1F4AF12FB5152A00A4A069 /* TeamDetailsContract.swift */,
			);
			path = Contract;
			sourceTree = "<group>";
		};
		3D1F4AFB2FB515CE00A4A069 /* Player Cell */ = {
			isa = PBXGroup;
			children = (
				3D1F4AFE2FB5161200A4A069 /* PlayerCell.swift */,
				3D1F4AFF2FB5161200A4A069 /* PlayerCell.xib */,
			);
			path = "Player Cell";
			sourceTree = "<group>";
		};
		3D2467EE2FB318E9003298EA /* View Model */ = {
			isa = PBXGroup;
			children = (
				3D2467F12FB31928003298EA /* FavoriteLeagueViewModel.swift */,
			);
			path = "View Model";
			sourceTree = "<group>";
		};
		3D95FD442FB1489A00E601A4 /* Favorite */ = {
			isa = PBXGroup;
			children = (
				3D2467EE2FB318E9003298EA /* View Model */,
				3D1CBC652FB23160004B46E0 /* Builder */,
				3D1CBC642FB2315A004B46E0 /* View */,
				3D1CBC632FB23153004B46E0 /* Router */,
				3D1CBC622FB2314B004B46E0 /* Presenter */,
			);
			path = Favorite;
			sourceTree = "<group>";
		};
		3D95FD452FB14A3D00E601A4 /* Favorite */ = {
			isa = PBXGroup;
			children = (
				3D95FD462FB14A5D00E601A4 /* FavoriteService.swift */,
				3D7FADFD2FB151FA004DCA03 /* FavoriteServiceProtocol.swift */,
			);
			path = Favorite;
			sourceTree = "<group>";
		};
		3DD9DF052FACEEFB00BBA3A0 = {
			isa = PBXGroup;
			children = (
				3DD9DF102FACEEFB00BBA3A0 /* Sportify */,
				3DD9DF2A2FACEEFD00BBA3A0 /* SportifyTests */,
				3DD9DF352FACEEFD00BBA3A0 /* SportifyUITests */,
				3DD9DF0F2FACEEFB00BBA3A0 /* Products */,
			);
			sourceTree = "<group>";
		};
		3DD9DF0F2FACEEFB00BBA3A0 /* Products */ = {
			isa = PBXGroup;
			children = (
				3DD9DF0E2FACEEFB00BBA3A0 /* Sportify.app */,
				3DD9DF272FACEEFD00BBA3A0 /* SportifyTests.xctest */,
				3DD9DF322FACEEFD00BBA3A0 /* SportifyUITests.xctest */,
			);
			name = Products;
			sourceTree = "<group>";
		};
		3DD9DF102FACEEFB00BBA3A0 /* Sportify */ = {
			isa = PBXGroup;
			children = (
				6DAC8CEB2FAF4AC400AEB487 /* Core */,
				6DA76E6B2FACF34B0054F9F8 /* Module */,
				3DD9DF112FACEEFB00BBA3A0 /* AppDelegate.swift */,
				3DD9DF132FACEEFB00BBA3A0 /* SceneDelegate.swift */,
				3DD9DF152FACEEFB00BBA3A0 /* ViewController.swift */,
				3DD9DF172FACEEFB00BBA3A0 /* Main.storyboard */,
				3DD9DF1D2FACEEFD00BBA3A0 /* Assets.xcassets */,
				3DD9DF1F2FACEEFD00BBA3A0 /* LaunchScreen.storyboard */,
				3DD9DF222FACEEFD00BBA3A0 /* Info.plist */,
				3DD9DF1A2FACEEFB00BBA3A0 /* Sportify.xcdatamodeld */,
			);
			path = Sportify;
			sourceTree = "<group>";
		};
		3DD9DF2A2FACEEFD00BBA3A0 /* SportifyTests */ = {
			isa = PBXGroup;
			children = (
				3DD9DF2B2FACEEFD00BBA3A0 /* SportifyTests.swift */,
				3DD9DF2D2FACEEFD00BBA3A0 /* Info.plist */,
			);
			path = SportifyTests;
			sourceTree = "<group>";
		};
		3DD9DF352FACEEFD00BBA3A0 /* SportifyUITests */ = {
			isa = PBXGroup;
			children = (
				3DD9DF362FACEEFD00BBA3A0 /* SportifyUITests.swift */,
				3DD9DF382FACEEFD00BBA3A0 /* Info.plist */,
			);
			path = SportifyUITests;
			sourceTree = "<group>";
		};
		3DD9DF442FACFE6500BBA3A0 /* Onboarding */ = {
			isa = PBXGroup;
			children = (
				3D0926462FADED4E00FC7357 /* Builder */,
				3D0926432FADED1300FC7357 /* Router */,
				3DD9DF462FACFE7D00BBA3A0 /* View */,
				3DD9DF452FACFE7700BBA3A0 /* Presenter */,
			);
			path = Onboarding;
			sourceTree = "<group>";
		};
		3DD9DF452FACFE7700BBA3A0 /* Presenter */ = {
			isa = PBXGroup;
			children = (
				3DD9DF472FAD30D200BBA3A0 /* OnboardingPresenter.swift */,
			);
			path = Presenter;
			sourceTree = "<group>";
		};
		3DD9DF462FACFE7D00BBA3A0 /* View */ = {
			isa = PBXGroup;
			children = (
				3D09264B2FADEDC500FC7357 /* OnboardingViewController.swift */,
				3D09264F2FADEEE200FC7357 /* OnboardingPage.swift */,
				3D0926512FADEFE300FC7357 /* PageViewController.swift */,
				3D0926572FAE4C9B00FC7357 /* PageViewController.xib */,
			);
			path = View;
			sourceTree = "<group>";
		};
		3DE5BAF92FB0FA53002754E2 /* Sports */ = {
			isa = PBXGroup;
			children = (
				3DE5BB112FB10064002754E2 /* Presenter */,
				3DE5BB0E2FB10001002754E2 /* Router */,
				3DE5BB0B2FB0FF8C002754E2 /* Builder */,
				3DE5BB032FB0FBAE002754E2 /* View */,
			);
			path = Sports;
			sourceTree = "<group>";
		};
		3DE5BB032FB0FBAE002754E2 /* View */ = {
			isa = PBXGroup;
			children = (
				3DE5BB062FB0FBEF002754E2 /* SportsCardCell */,
				3DE5BB072FB0FC21002754E2 /* SportsViewController.swift */,
				3DE5BB092FB0FD3E002754E2 /* SportsViewController.xib */,
			);
			path = View;
			sourceTree = "<group>";
		};
		3DE5BB062FB0FBEF002754E2 /* SportsCardCell */ = {
			isa = PBXGroup;
			children = (
				3DE5BB042FB0FBD0002754E2 /* SportsCardCell.swift */,
			);
			path = SportsCardCell;
			sourceTree = "<group>";
		};
		3DE5BB0B2FB0FF8C002754E2 /* Builder */ = {
			isa = PBXGroup;
			children = (
				3DE5BB0C2FB0FFA6002754E2 /* SportsBuilder.swift */,
			);
			path = Builder;
			sourceTree = "<group>";
		};
		3DE5BB0E2FB10001002754E2 /* Router */ = {
			isa = PBXGroup;
			children = (
				3DE5BB0F2FB10051002754E2 /* SportsRouter.swift */,
			);
			path = Router;
			sourceTree = "<group>";
		};
		3DE5BB112FB10064002754E2 /* Presenter */ = {
			isa = PBXGroup;
			children = (
				3DE5BB122FB10086002754E2 /* SportsPresenter.swift */,
			);
			path = Presenter;
			sourceTree = "<group>";
		};
		6DA76E6B2FACF34B0054F9F8 /* Module */ = {
			isa = PBXGroup;
			children = (
				3D1F4AE92FB513AD00A4A069 /* TeamDetails */,
				3D95FD442FB1489A00E601A4 /* Favorite */,
				6DDB0A5C2FB2407C0090D45F /* LeagueDetails */,
				3DE5BAF92FB0FA53002754E2 /* Sports */,
				6DAC8D1E2FAFEB8B00AEB487 /* Leagues */,
				3DD9DF442FACFE6500BBA3A0 /* Onboarding */,
				6DA76E6C2FACF35B0054F9F8 /* Splash */,
				3D6B30812FB3DB4E000CCFE1 /* AppTabBarController.swift */,
			);
			path = Module;
			sourceTree = "<group>";
		};
		6DA76E6C2FACF35B0054F9F8 /* Splash */ = {
			isa = PBXGroup;
			children = (
				6DA76E702FACF36F0054F9F8 /* Presenter */,
				6DA76E6F2FACF36E0054F9F8 /* Builder */,
				6DA76E6D2FACF3650054F9F8 /* View */,
				6DA76E6E2FACF36D0054F9F8 /* Router */,
			);
			path = Splash;
			sourceTree = "<group>";
		};
		6DA76E6D2FACF3650054F9F8 /* View */ = {
			isa = PBXGroup;
			children = (
				6DA76E772FACF3B50054F9F8 /* SplashViewController.swift */,
				6DA76E782FACF3B50054F9F8 /* SplashViewController.xib */,
			);
			path = View;
			sourceTree = "<group>";
		};
		6DA76E6E2FACF36D0054F9F8 /* Router */ = {
			isa = PBXGroup;
			children = (
				6DA76E752FACF3AC0054F9F8 /* SplashRouter.swift */,
			);
			path = Router;
			sourceTree = "<group>";
		};
		6DA76E6F2FACF36E0054F9F8 /* Builder */ = {
			isa = PBXGroup;
			children = (
				6DA76E712FACF39A0054F9F8 /* SplashBuilder.swift */,
			);
			path = Builder;
			sourceTree = "<group>";
		};
		6DA76E702FACF36F0054F9F8 /* Presenter */ = {
			isa = PBXGroup;
			children = (
				6DA76E732FACF3A50054F9F8 /* SplashPresenter.swift */,
			);
			path = Presenter;
			sourceTree = "<group>";
		};
		6DAC8CEB2FAF4AC400AEB487 /* Core */ = {
			isa = PBXGroup;
			children = (
				6DAC8CFD2FAF695500AEB487 /* Models */,
				6DAC8CFA2FAF688300AEB487 /* Services */,
				6DAC8CF72FAF658600AEB487 /* Extensions */,
				6DAC8CEC2FAF4ACA00AEB487 /* Network */,
			);
			path = Core;
			sourceTree = "<group>";
		};
		6DAC8CEC2FAF4ACA00AEB487 /* Network */ = {
			isa = PBXGroup;
			children = (
				6DAC8D1C2FAFB7ED00AEB487 /* ReachabilityManager.swift */,
				6DAC8CF52FAF587A00AEB487 /* APISport.swift */,
				6DAC8CF32FAF556C00AEB487 /* APIClient.swift */,
				6DAC8CF12FAF555100AEB487 /* NetworkError.swift */,
				6DAC8CEF2FAF4D7900AEB487 /* EndPoint.swift */,
				6DAC8CED2FAF4B1400AEB487 /* APIConstants.swift */,
			);
			path = Network;
			sourceTree = "<group>";
		};
		6DAC8CF72FAF658600AEB487 /* Extensions */ = {
			isa = PBXGroup;
			children = (
				6D18AB522FB0C1EF00897E7D /* ImageExtension.swift */,
				6DAC8CF82FAF658D00AEB487 /* DateExtension.swift */,
			);
			path = Extensions;
			sourceTree = "<group>";
		};
		6DAC8CFA2FAF688300AEB487 /* Services */ = {
			isa = PBXGroup;
			children = (
				3D95FD452FB14A3D00E601A4 /* Favorite */,
				6DAC8D0F2FAF910600AEB487 /* Players */,
				6DAC8D0E2FAF90D200AEB487 /* Fixtures */,
				6DAC8D0D2FAF909700AEB487 /* Teams */,
				6DAC8D0A2FAF8B0200AEB487 /* Leagues */,
			);
			path = Services;
			sourceTree = "<group>";
		};
		6DAC8CFD2FAF695500AEB487 /* Models */ = {
			isa = PBXGroup;
			children = (
				6DAC8D082FAF8A6F00AEB487 /* Team.swift */,
				6DAC8D062FAF886C00AEB487 /* BaseResponse.swift */,
				6DAC8D022FAF698500AEB487 /* Event.swift */,
				6DAC8D002FAF697700AEB487 /* Player.swift */,
				6DAC8CFE2FAF696900AEB487 /* League.swift */,
			);
			path = Models;
			sourceTree = "<group>";
		};
		6DAC8D0A2FAF8B0200AEB487 /* Leagues */ = {
			isa = PBXGroup;
			children = (
				6DAC8D0B2FAF8B1A00AEB487 /* LeaguesServiceProtocol.swift */,
				6DAC8CFB2FAF689300AEB487 /* LeaguesService.swift */,
			);
			path = Leagues;
			sourceTree = "<group>";
		};
		6DAC8D0D2FAF909700AEB487 /* Teams */ = {
			isa = PBXGroup;
			children = (
				6DAC8D122FAF925A00AEB487 /* TeamsServiceProtocol.swift */,
				6DAC8D102FAF920E00AEB487 /* TeamsService.swift */,
			);
			path = Teams;
			sourceTree = "<group>";
		};
		6DAC8D0E2FAF90D200AEB487 /* Fixtures */ = {
			isa = PBXGroup;
			children = (
				6DAC8D162FAF929400AEB487 /* FixturesServiceProtocol.swift */,
				6DAC8D142FAF928500AEB487 /* FixturesService.swift */,
			);
			path = Fixtures;
			sourceTree = "<group>";
		};
		6DAC8D0F2FAF910600AEB487 /* Players */ = {
			isa = PBXGroup;
			children = (
				6DAC8D1A2FAF930D00AEB487 /* PlayersService.swift */,
				6DAC8D182FAF92F900AEB487 /* PlayersServiceProtocol.swift */,
			);
			path = Players;
			sourceTree = "<group>";
		};
		6DAC8D1E2FAFEB8B00AEB487 /* Leagues */ = {
			isa = PBXGroup;
			children = (
				6DAC8D302FAFEC8400AEB487 /* View */,
				6DAC8D2D2FAFEC4E00AEB487 /* Router */,
				6DAC8D2A2FAFEC3400AEB487 /* Presenter */,
				6DAC8D242FAFEBF500AEB487 /* Contract */,
				6DAC8D1F2FAFEB9900AEB487 /* Builder */,
			);
			path = Leagues;
			sourceTree = "<group>";
		};
		6DAC8D1F2FAFEB9900AEB487 /* Builder */ = {
			isa = PBXGroup;
			children = (
				6DAC8D202FAFEBC600AEB487 /* LeaguesBuilder.swift */,
			);
			path = Builder;
			sourceTree = "<group>";
		};
		6DAC8D242FAFEBF500AEB487 /* Contract */ = {
			isa = PBXGroup;
			children = (
				6DAC8D252FAFEC0600AEB487 /* LeaguesContract.swift */,
			);
			path = Contract;
			sourceTree = "<group>";
		};
		6DAC8D2A2FAFEC3400AEB487 /* Presenter */ = {
			isa = PBXGroup;
			children = (
				6DAC8D2B2FAFEC3E00AEB487 /* LeaguesPresenter.swift */,
			);
			path = Presenter;
			sourceTree = "<group>";
		};
		6DAC8D2D2FAFEC4E00AEB487 /* Router */ = {
			isa = PBXGroup;
			children = (
				6DAC8D2E2FAFEC5500AEB487 /* LeaguesRouter.swift */,
			);
			path = Router;
			sourceTree = "<group>";
		};
		6DAC8D302FAFEC8400AEB487 /* View */ = {
			isa = PBXGroup;
			children = (
				6DAC8D312FAFEC8A00AEB487 /* LeagueCell */,
				6DAC8D352FAFECE700AEB487 /* LeaguesViewController.swift */,
				6DAC8D362FAFECE700AEB487 /* LeaguesViewController.xib */,
			);
			path = View;
			sourceTree = "<group>";
		};
		6DAC8D312FAFEC8A00AEB487 /* LeagueCell */ = {
			isa = PBXGroup;
			children = (
				6DAC8D392FAFED3000AEB487 /* LeagueCell.swift */,
				6DAC8D3A2FAFED3000AEB487 /* LeagueCell.xib */,
			);
			path = LeagueCell;
			sourceTree = "<group>";
		};
		6DDB0A5C2FB2407C0090D45F /* LeagueDetails */ = {
			isa = PBXGroup;
			children = (
				6DFEB1402FB30CBD003C0330 /* Contract */,
				6DFEB13D2FB30C77003C0330 /* Builder */,
				6DFEB13C2FB30C5E003C0330 /* Presenter */,
				6DFEB13B2FB30C4C003C0330 /* Router */,
				6DDB0A5D2FB2409A0090D45F /* View */,
			);
			path = LeagueDetails;
			sourceTree = "<group>";
		};
		6DDB0A5D2FB2409A0090D45F /* View */ = {
			isa = PBXGroup;
			children = (
				6DDB0A752FB2564E0090D45F /* SectionHeaderView.swift */,
				6DDB0A5E2FB240A10090D45F /* Cell */,
				6DDB0A5F2FB240C40090D45F /* LeagueDetailsViewController.swift */,
				6DDB0A602FB240C40090D45F /* LeagueDetailsViewController.xib */,
			);
			path = View;
			sourceTree = "<group>";
		};
		6DDB0A5E2FB240A10090D45F /* Cell */ = {
			isa = PBXGroup;
			children = (
				6DDB0A652FB242640090D45F /* Team */,
				6DDB0A642FB2425B0090D45F /* Recent */,
				6DDB0A632FB2424A0090D45F /* Upcoming */,
			);
			path = Cell;
			sourceTree = "<group>";
		};
		6DDB0A632FB2424A0090D45F /* Upcoming */ = {
			isa = PBXGroup;
			children = (
				6DDB0A6E2FB242AB0090D45F /* UpcomingCell.swift */,
				6DDB0A6F2FB242AB0090D45F /* UpcomingCell.xib */,
			);
			path = Upcoming;
			sourceTree = "<group>";
		};
		6DDB0A642FB2425B0090D45F /* Recent */ = {
			isa = PBXGroup;
			children = (
				6DDB0A6A2FB242990090D45F /* RecentCell.swift */,
				6DDB0A6B2FB242990090D45F /* RecentCell.xib */,
			);
			path = Recent;
			sourceTree = "<group>";
		};
		6DDB0A652FB242640090D45F /* Team */ = {
			isa = PBXGroup;
			children = (
				6DDB0A662FB2427E0090D45F /* TeamCell.swift */,
				6DDB0A672FB2427E0090D45F /* TeamCell.xib */,
			);
			path = Team;
			sourceTree = "<group>";
		};
		6DFEB13B2FB30C4C003C0330 /* Router */ = {
			isa = PBXGroup;
			children = (
				6DFEB1452FB31408003C0330 /* LeagueDetailsRouter.swift */,
			);
			path = Router;
			sourceTree = "<group>";
		};
		6DFEB13C2FB30C5E003C0330 /* Presenter */ = {
			isa = PBXGroup;
			children = (
				6DFEB13E2FB30C8A003C0330 /* LeagueDetailsPresenter.swift */,
			);
			path = Presenter;
			sourceTree = "<group>";
		};
		6DFEB13D2FB30C77003C0330 /* Builder */ = {
			isa = PBXGroup;
			children = (
				6DFEB1432FB31358003C0330 /* LeagueDetailsBuilder.swift */,
			);
			path = Builder;
			sourceTree = "<group>";
		};
		6DFEB1402FB30CBD003C0330 /* Contract */ = {
			isa = PBXGroup;
			children = (
				6DFEB1412FB30CCA003C0330 /* LeaguesDetailsContract.swift */,
			);
			path = Contract;
			sourceTree = "<group>";
		};
/* End PBXGroup section */

/* Begin PBXNativeTarget section */
		3DD9DF0D2FACEEFB00BBA3A0 /* Sportify */ = {
			isa = PBXNativeTarget;
			buildConfigurationList = 3DD9DF3B2FACEEFD00BBA3A0 /* Build configuration list for PBXNativeTarget "Sportify" */;
			buildPhases = (
				3DD9DF0A2FACEEFB00BBA3A0 /* Sources */,
				3DD9DF0B2FACEEFB00BBA3A0 /* Frameworks */,
				3DD9DF0C2FACEEFB00BBA3A0 /* Resources */,
			);
			buildRules = (
			);
			dependencies = (
			);
			name = Sportify;
			packageProductDependencies = (
				3D09265A2FAE53DC00FC7357 /* SDWebImage */,
				3D09265D2FAE54B300FC7357 /* Alamofire */,
			);
			productName = Sportify;
			productReference = 3DD9DF0E2FACEEFB00BBA3A0 /* Sportify.app */;
			productType = "com.apple.product-type.application";
		};
		3DD9DF262FACEEFD00BBA3A0 /* SportifyTests */ = {
			isa = PBXNativeTarget;
			buildConfigurationList = 3DD9DF3E2FACEEFD00BBA3A0 /* Build configuration list for PBXNativeTarget "SportifyTests" */;
			buildPhases = (
				3DD9DF232FACEEFD00BBA3A0 /* Sources */,
				3DD9DF242FACEEFD00BBA3A0 /* Frameworks */,
				3DD9DF252FACEEFD00BBA3A0 /* Resources */,
			);
			buildRules = (
			);
			dependencies = (
				3DD9DF292FACEEFD00BBA3A0 /* PBXTargetDependency */,
			);
			name = SportifyTests;
			productName = SportifyTests;
			productReference = 3DD9DF272FACEEFD00BBA3A0 /* SportifyTests.xctest */;
			productType = "com.apple.product-type.bundle.unit-test";
		};
		3DD9DF312FACEEFD00BBA3A0 /* SportifyUITests */ = {
			isa = PBXNativeTarget;
			buildConfigurationList = 3DD9DF412FACEEFD00BBA3A0 /* Build configuration list for PBXNativeTarget "SportifyUITests" */;
			buildPhases = (
				3DD9DF2E2FACEEFD00BBA3A0 /* Sources */,
				3DD9DF2F2FACEEFD00BBA3A0 /* Frameworks */,
				3DD9DF302FACEEFD00BBA3A0 /* Resources */,
			);
			buildRules = (
			);
			dependencies = (
				3DD9DF342FACEEFD00BBA3A0 /* PBXTargetDependency */,
			);
			name = SportifyUITests;
			productName = SportifyUITests;
			productReference = 3DD9DF322FACEEFD00BBA3A0 /* SportifyUITests.xctest */;
			productType = "com.apple.product-type.bundle.ui-testing";
		};
/* End PBXNativeTarget section */

/* Begin PBXProject section */
		3DD9DF062FACEEFB00BBA3A0 /* Project object */ = {
			isa = PBXProject;
			attributes = {
				LastSwiftUpdateCheck = 1250;
				LastUpgradeCheck = 1250;
				TargetAttributes = {
					3DD9DF0D2FACEEFB00BBA3A0 = {
						CreatedOnToolsVersion = 12.5;
					};
					3DD9DF262FACEEFD00BBA3A0 = {
						CreatedOnToolsVersion = 12.5;
						TestTargetID = 3DD9DF0D2FACEEFB00BBA3A0;
					};
					3DD9DF312FACEEFD00BBA3A0 = {
						CreatedOnToolsVersion = 12.5;
						TestTargetID = 3DD9DF0D2FACEEFB00BBA3A0;
					};
				};
			};
			buildConfigurationList = 3DD9DF092FACEEFB00BBA3A0 /* Build configuration list for PBXProject "Sportify" */;
			compatibilityVersion = "Xcode 9.3";
			developmentRegion = en;
			hasScannedForEncodings = 0;
			knownRegions = (
				en,
				Base,
			);
			mainGroup = 3DD9DF052FACEEFB00BBA3A0;
			packageReferences = (
				3D0926592FAE53DC00FC7357 /* XCRemoteSwiftPackageReference "sdwebimage" */,
				3D09265C2FAE54B300FC7357 /* XCRemoteSwiftPackageReference "alamofire" */,
			);
			productRefGroup = 3DD9DF0F2FACEEFB00BBA3A0 /* Products */;
			projectDirPath = "";
			projectRoot = "";
			targets = (
				3DD9DF0D2FACEEFB00BBA3A0 /* Sportify */,
				3DD9DF262FACEEFD00BBA3A0 /* SportifyTests */,
				3DD9DF312FACEEFD00BBA3A0 /* SportifyUITests */,
			);
		};
/* End PBXProject section */

/* Begin PBXResourcesBuildPhase section */
		3DD9DF0C2FACEEFB00BBA3A0 /* Resources */ = {
			isa = PBXResourcesBuildPhase;
			buildActionMask = 2147483647;
			files = (
				3DD9DF212FACEEFD00BBA3A0 /* LaunchScreen.storyboard in Resources */,
				3DD9DF1E2FACEEFD00BBA3A0 /* Assets.xcassets in Resources */,
				6DAC8D3C2FAFED3000AEB487 /* LeagueCell.xib in Resources */,
				3D1F4B012FB5161200A4A069 /* PlayerCell.xib in Resources */,
				3DE5BB0A2FB0FD3E002754E2 /* SportsViewController.xib in Resources */,
				3D0926582FAE4C9B00FC7357 /* PageViewController.xib in Resources */,
				3D1CBC6F2FB248D7004B46E0 /* FavoriteLeagueViewController.xib in Resources */,
				3D1F4AFA2FB515B000A4A069 /* TeamDetailsViewController.xib in Resources */,
				3DD9DF192FACEEFB00BBA3A0 /* Main.storyboard in Resources */,
				6DDB0A682FB2427E0090D45F /* TeamCell.xib in Resources */,
				6DA76E7A2FACF3B50054F9F8 /* SplashViewController.xib in Resources */,
				6DDB0A6C2FB242990090D45F /* RecentCell.xib in Resources */,
				6DAC8D382FAFECE700AEB487 /* LeaguesViewController.xib in Resources */,
				6DDB0A612FB240C40090D45F /* LeagueDetailsViewController.xib in Resources */,
				6DDB0A702FB242AB0090D45F /* UpcomingCell.xib in Resources */,
			);
			runOnlyForDeploymentPostprocessing = 0;
		};
		3DD9DF252FACEEFD00BBA3A0 /* Resources */ = {
			isa = PBXResourcesBuildPhase;
			buildActionMask = 2147483647;
			files = (
			);
			runOnlyForDeploymentPostprocessing = 0;
		};
		3DD9DF302FACEEFD00BBA3A0 /* Resources */ = {
			isa = PBXResourcesBuildPhase;
			buildActionMask = 2147483647;
			files = (
			);
			runOnlyForDeploymentPostprocessing = 0;
		};
/* End PBXResourcesBuildPhase section */

/* Begin PBXSourcesBuildPhase section */
		3DD9DF0A2FACEEFB00BBA3A0 /* Sources */ = {
			isa = PBXSourcesBuildPhase;
			buildActionMask = 2147483647;
			files = (
				3D1CBC6B2FB2326E004B46E0 /* FavoriteLeagueRouter.swift in Sources */,
				3D09264D2FADEDC500FC7357 /* OnboardingViewController.swift in Sources */,
				3D0926522FADEFE300FC7357 /* PageViewController.swift in Sources */,
				6DAC8D152FAF928B00AEB487 /* FixturesService.swift in Sources */,
				6DAC8D172FAF929B00AEB487 /* FixturesServiceProtocol.swift in Sources */,
				6DFEB1422FB30CD4003C0330 /* LeaguesDetailsContract.swift in Sources */,
				6DAC8D262FAFEC0800AEB487 /* LeaguesContract.swift in Sources */,
				3D1F4AEF2FB514E500A4A069 /* TeamDetailsBuilder.swift in Sources */,
				6DAC8D012FAF697E00AEB487 /* Player.swift in Sources */,
				3D1F4AF62FB5157500A4A069 /* TeamDetailsRouter.swift in Sources */,
				3D95FD472FB14A5D00E601A4 /* FavoriteService.swift in Sources */,
				6DAC8CF42FAF556E00AEB487 /* APIClient.swift in Sources */,
				6DAC8D192FAF930800AEB487 /* PlayersServiceProtocol.swift in Sources */,
				6DAC8CFF2FAF696B00AEB487 /* League.swift in Sources */,
				3DD9DF162FACEEFB00BBA3A0 /* ViewController.swift in Sources */,
				6D18AB532FB0C1FE00897E7D /* ImageExtension.swift in Sources */,
				3D1F4AF42FB5155700A4A069 /* TeamDetailsPresener.swift in Sources */,
				3D0926502FADEEE200FC7357 /* OnboardingPage.swift in Sources */,
				3DD9DF1C2FACEEFB00BBA3A0 /* Sportify.xcdatamodeld in Sources */,
				6DAC8D072FAF887700AEB487 /* BaseResponse.swift in Sources */,
				3D1CBC6D2FB236F6004B46E0 /* FavoriteLeagueBuilder.swift in Sources */,
				6DAC8D112FAF921600AEB487 /* TeamsService.swift in Sources */,
				6DDB0A762FB256560090D45F /* SectionHeaderView.swift in Sources */,
				6DAC8CF02FAF4D8400AEB487 /* EndPoint.swift in Sources */,
				3D1CBC672FB23176004B46E0 /* FavoriteLeaguePresenter.swift in Sources */,
				6DA76E762FACF3AC0054F9F8 /* SplashRouter.swift in Sources */,
				3D1CBC692FB231B8004B46E0 /* FavoriteLeagueViewController.swift in Sources */,
				3D0926482FADED6000FC7357 /* OnboardingBuilder.swift in Sources */,
				3DD9DF482FAD30D200BBA3A0 /* OnboardingPresenter.swift in Sources */,
				6DAC8D092FAF8A7200AEB487 /* Team.swift in Sources */,
				3DE5BB082FB0FC21002754E2 /* SportsViewController.swift in Sources */,
				6DDB0A712FB242AB0090D45F /* UpcomingCell.swift in Sources */,
				6DAC8D0C2FAF8B1F00AEB487 /* LeaguesServiceProtocol.swift in Sources */,
				6DAC8D2C2FAFEC4000AEB487 /* LeaguesPresenter.swift in Sources */,
				6DAC8CF62FAF587F00AEB487 /* APISport.swift in Sources */,
				6DAC8D032FAF698800AEB487 /* Event.swift in Sources */,
				6DAC8D212FAFEBCC00AEB487 /* LeaguesBuilder.swift in Sources */,
				3D7FADFE2FB151FA004DCA03 /* FavoriteServiceProtocol.swift in Sources */,
				6DAC8D1D2FAFB7EF00AEB487 /* ReachabilityManager.swift in Sources */,
				3DE5BB102FB10051002754E2 /* SportsRouter.swift in Sources */,
				3D1F4AF22FB5152A00A4A069 /* TeamDetailsContract.swift in Sources */,
				6DAC8D2F2FAFEC5700AEB487 /* LeaguesRouter.swift in Sources */,
				3DE5BB0D2FB0FFA6002754E2 /* SportsBuilder.swift in Sources */,
				6DAC8D372FAFECE700AEB487 /* LeaguesViewController.swift in Sources */,
				3DD9DF122FACEEFB00BBA3A0 /* AppDelegate.swift in Sources */,
				6DDB0A692FB2427E0090D45F /* TeamCell.swift in Sources */,
				3DE5BB052FB0FBD0002754E2 /* SportsCardCell.swift in Sources */,
				3D0926452FADED3700FC7357 /* OnboardingRouter.swift in Sources */,
				6DA76E722FACF39A0054F9F8 /* SplashBuilder.swift in Sources */,
				6DAC8CEE2FAF4B1700AEB487 /* APIConstants.swift in Sources */,
				6DFEB1462FB3140A003C0330 /* LeagueDetailsRouter.swift in Sources */,
				3D1F4B002FB5161200A4A069 /* PlayerCell.swift in Sources */,
				3DD9DF142FACEEFB00BBA3A0 /* SceneDelegate.swift in Sources */,
				6DFEB1442FB3136A003C0330 /* LeagueDetailsBuilder.swift in Sources */,
				6DFEB13F2FB30C99003C0330 /* LeagueDetailsPresenter.swift in Sources */,
				6DA76E742FACF3A50054F9F8 /* SplashPresenter.swift in Sources */,
				3D6B30822FB3DB4E000CCFE1 /* AppTabBarController.swift in Sources */,
				6DAC8D1B2FAF931600AEB487 /* PlayersService.swift in Sources */,
				6DDB0A6D2FB242990090D45F /* RecentCell.swift in Sources */,
				6DAC8CF22FAF555200AEB487 /* NetworkError.swift in Sources */,
				6DA76E792FACF3B50054F9F8 /* SplashViewController.swift in Sources */,
				6DAC8CFC2FAF689500AEB487 /* LeaguesService.swift in Sources */,
				6DAC8D132FAF925D00AEB487 /* TeamsServiceProtocol.swift in Sources */,
				6DDB0A622FB240C40090D45F /* LeagueDetailsViewController.swift in Sources */,
				6DAC8CF92FAF659100AEB487 /* DateExtension.swift in Sources */,
				3D2467F22FB31928003298EA /* FavoriteLeagueViewModel.swift in Sources */,
				6DAC8D3B2FAFED3000AEB487 /* LeagueCell.swift in Sources */,
				3D1F4AF92FB515B000A4A069 /* TeamDetailsViewController.swift in Sources */,
				3DE5BB132FB10086002754E2 /* SportsPresenter.swift in Sources */,
			);
			runOnlyForDeploymentPostprocessing = 0;
		};
		3DD9DF232FACEEFD00BBA3A0 /* Sources */ = {
			isa = PBXSourcesBuildPhase;
			buildActionMask = 2147483647;
			files = (
				3DD9DF2C2FACEEFD00BBA3A0 /* SportifyTests.swift in Sources */,
			);
			runOnlyForDeploymentPostprocessing = 0;
		};
		3DD9DF2E2FACEEFD00BBA3A0 /* Sources */ = {
			isa = PBXSourcesBuildPhase;
			buildActionMask = 2147483647;
			files = (
				3DD9DF372FACEEFD00BBA3A0 /* SportifyUITests.swift in Sources */,
			);
			runOnlyForDeploymentPostprocessing = 0;
		};
/* End PBXSourcesBuildPhase section */

/* Begin PBXTargetDependency section */
		3DD9DF292FACEEFD00BBA3A0 /* PBXTargetDependency */ = {
			isa = PBXTargetDependency;
			target = 3DD9DF0D2FACEEFB00BBA3A0 /* Sportify */;
			targetProxy = 3DD9DF282FACEEFD00BBA3A0 /* PBXContainerItemProxy */;
		};
		3DD9DF342FACEEFD00BBA3A0 /* PBXTargetDependency */ = {
			isa = PBXTargetDependency;
			target = 3DD9DF0D2FACEEFB00BBA3A0 /* Sportify */;
			targetProxy = 3DD9DF332FACEEFD00BBA3A0 /* PBXContainerItemProxy */;
		};
/* End PBXTargetDependency section */

/* Begin PBXVariantGroup section */
		3DD9DF172FACEEFB00BBA3A0 /* Main.storyboard */ = {
			isa = PBXVariantGroup;
			children = (
				3DD9DF182FACEEFB00BBA3A0 /* Base */,
			);
			name = Main.storyboard;
			sourceTree = "<group>";
		};
		3DD9DF1F2FACEEFD00BBA3A0 /* LaunchScreen.storyboard */ = {
			isa = PBXVariantGroup;
			children = (
				3DD9DF202FACEEFD00BBA3A0 /* Base */,
			);
			name = LaunchScreen.storyboard;
			sourceTree = "<group>";
		};
/* End PBXVariantGroup section */

/* Begin XCBuildConfiguration section */
		3DD9DF392FACEEFD00BBA3A0 /* Debug */ = {
			isa = XCBuildConfiguration;
			buildSettings = {
				ALWAYS_SEARCH_USER_PATHS = NO;
				CLANG_ANALYZER_NONNULL = YES;
				CLANG_ANALYZER_NUMBER_OBJECT_CONVERSION = YES_AGGRESSIVE;
				CLANG_CXX_LANGUAGE_STANDARD = "gnu++14";
				CLANG_CXX_LIBRARY = "libc++";
				CLANG_ENABLE_MODULES = YES;
				CLANG_ENABLE_OBJC_ARC = YES;
				CLANG_ENABLE_OBJC_WEAK = YES;
				CLANG_WARN_BLOCK_CAPTURE_AUTORELEASING = YES;
				CLANG_WARN_BOOL_CONVERSION = YES;
				CLANG_WARN_COMMA = YES;
				CLANG_WARN_CONSTANT_CONVERSION = YES;
				CLANG_WARN_DEPRECATED_OBJC_IMPLEMENTATIONS = YES;
				CLANG_WARN_DIRECT_OBJC_ISA_USAGE = YES_ERROR;
				CLANG_WARN_DOCUMENTATION_COMMENTS = YES;
				CLANG_WARN_EMPTY_BODY = YES;
				CLANG_WARN_ENUM_CONVERSION = YES;
				CLANG_WARN_INFINITE_RECURSION = YES;
				CLANG_WARN_INT_CONVERSION = YES;
				CLANG_WARN_NON_LITERAL_NULL_CONVERSION = YES;
				CLANG_WARN_OBJC_IMPLICIT_RETAIN_SELF = YES;
				CLANG_WARN_OBJC_LITERAL_CONVERSION = YES;
				CLANG_WARN_OBJC_ROOT_CLASS = YES_ERROR;
				CLANG_WARN_QUOTED_INCLUDE_IN_FRAMEWORK_HEADER = YES;
				CLANG_WARN_RANGE_LOOP_ANALYSIS = YES;
				CLANG_WARN_STRICT_PROTOTYPES = YES;
				CLANG_WARN_SUSPICIOUS_MOVE = YES;
				CLANG_WARN_UNGUARDED_AVAILABILITY = YES_AGGRESSIVE;
				CLANG_WARN_UNREACHABLE_CODE = YES;
				CLANG_WARN__DUPLICATE_METHOD_MATCH = YES;
				COPY_PHASE_STRIP = NO;
				DEBUG_INFORMATION_FORMAT = dwarf;
				ENABLE_STRICT_OBJC_MSGSEND = YES;
				ENABLE_TESTABILITY = YES;
				GCC_C_LANGUAGE_STANDARD = gnu11;
				GCC_DYNAMIC_NO_PIC = NO;
				GCC_NO_COMMON_BLOCKS = YES;
				GCC_OPTIMIZATION_LEVEL = 0;
				GCC_PREPROCESSOR_DEFINITIONS = (
					"DEBUG=1",
					"$(inherited)",
				);
				GCC_WARN_64_TO_32_BIT_CONVERSION = YES;
				GCC_WARN_ABOUT_RETURN_TYPE = YES_ERROR;
				GCC_WARN_UNDECLARED_SELECTOR = YES;
				GCC_WARN_UNINITIALIZED_AUTOS = YES_AGGRESSIVE;
				GCC_WARN_UNUSED_FUNCTION = YES;
				GCC_WARN_UNUSED_VARIABLE = YES;
				IPHONEOS_DEPLOYMENT_TARGET = 14.5;
				MTL_ENABLE_DEBUG_INFO = INCLUDE_SOURCE;
				MTL_FAST_MATH = YES;
				ONLY_ACTIVE_ARCH = YES;
				SDKROOT = iphoneos;
				SWIFT_ACTIVE_COMPILATION_CONDITIONS = DEBUG;
				SWIFT_OPTIMIZATION_LEVEL = "-Onone";
			};
			name = Debug;
		};
		3DD9DF3A2FACEEFD00BBA3A0 /* Release */ = {
			isa = XCBuildConfiguration;
			buildSettings = {
				ALWAYS_SEARCH_USER_PATHS = NO;
				CLANG_ANALYZER_NONNULL = YES;
				CLANG_ANALYZER_NUMBER_OBJECT_CONVERSION = YES_AGGRESSIVE;
				CLANG_CXX_LANGUAGE_STANDARD = "gnu++14";
				CLANG_CXX_LIBRARY = "libc++";
				CLANG_ENABLE_MODULES = YES;
				CLANG_ENABLE_OBJC_ARC = YES;
				CLANG_ENABLE_OBJC_WEAK = YES;
				CLANG_WARN_BLOCK_CAPTURE_AUTORELEASING = YES;
				CLANG_WARN_BOOL_CONVERSION = YES;
				CLANG_WARN_COMMA = YES;
				CLANG_WARN_CONSTANT_CONVERSION = YES;
				CLANG_WARN_DEPRECATED_OBJC_IMPLEMENTATIONS = YES;
				CLANG_WARN_DIRECT_OBJC_ISA_USAGE = YES_ERROR;
				CLANG_WARN_DOCUMENTATION_COMMENTS = YES;
				CLANG_WARN_EMPTY_BODY = YES;
				CLANG_WARN_ENUM_CONVERSION = YES;
				CLANG_WARN_INFINITE_RECURSION = YES;
				CLANG_WARN_INT_CONVERSION = YES;
				CLANG_WARN_NON_LITERAL_NULL_CONVERSION = YES;
				CLANG_WARN_OBJC_IMPLICIT_RETAIN_SELF = YES;
				CLANG_WARN_OBJC_LITERAL_CONVERSION = YES;
				CLANG_WARN_OBJC_ROOT_CLASS = YES_ERROR;
				CLANG_WARN_QUOTED_INCLUDE_IN_FRAMEWORK_HEADER = YES;
				CLANG_WARN_RANGE_LOOP_ANALYSIS = YES;
				CLANG_WARN_STRICT_PROTOTYPES = YES;
				CLANG_WARN_SUSPICIOUS_MOVE = YES;
				CLANG_WARN_UNGUARDED_AVAILABILITY = YES_AGGRESSIVE;
				CLANG_WARN_UNREACHABLE_CODE = YES;
				CLANG_WARN__DUPLICATE_METHOD_MATCH = YES;
				COPY_PHASE_STRIP = NO;
				DEBUG_INFORMATION_FORMAT = "dwarf-with-dsym";
				ENABLE_NS_ASSERTIONS = NO;
				ENABLE_STRICT_OBJC_MSGSEND = YES;
				GCC_C_LANGUAGE_STANDARD = gnu11;
				GCC_NO_COMMON_BLOCKS = YES;
				GCC_WARN_64_TO_32_BIT_CONVERSION = YES;
				GCC_WARN_ABOUT_RETURN_TYPE = YES_ERROR;
				GCC_WARN_UNDECLARED_SELECTOR = YES;
				GCC_WARN_UNINITIALIZED_AUTOS = YES_AGGRESSIVE;
				GCC_WARN_UNUSED_FUNCTION = YES;
				GCC_WARN_UNUSED_VARIABLE = YES;
				IPHONEOS_DEPLOYMENT_TARGET = 14.5;
				MTL_ENABLE_DEBUG_INFO = NO;
				MTL_FAST_MATH = YES;
				SDKROOT = iphoneos;
				SWIFT_COMPILATION_MODE = wholemodule;
				SWIFT_OPTIMIZATION_LEVEL = "-O";
				VALIDATE_PRODUCT = YES;
			};
			name = Release;
		};
		3DD9DF3C2FACEEFD00BBA3A0 /* Debug */ = {
			isa = XCBuildConfiguration;
			buildSettings = {
				ASSETCATALOG_COMPILER_APPICON_NAME = AppIcon;
				ASSETCATALOG_COMPILER_GLOBAL_ACCENT_COLOR_NAME = AccentColor;
				CODE_SIGN_STYLE = Automatic;
				INFOPLIST_FILE = Sportify/Info.plist;
				LD_RUNPATH_SEARCH_PATHS = (
					"$(inherited)",
					"@executable_path/Frameworks",
				);
				PRODUCT_BUNDLE_IDENTIFIER = com.Sportify.Sportify;
				PRODUCT_NAME = "$(TARGET_NAME)";
				SWIFT_VERSION = 5.0;
				TARGETED_DEVICE_FAMILY = "1,2";
			};
			name = Debug;
		};
		3DD9DF3D2FACEEFD00BBA3A0 /* Release */ = {
			isa = XCBuildConfiguration;
			buildSettings = {
				ASSETCATALOG_COMPILER_APPICON_NAME = AppIcon;
				ASSETCATALOG_COMPILER_GLOBAL_ACCENT_COLOR_NAME = AccentColor;
				CODE_SIGN_STYLE = Automatic;
				INFOPLIST_FILE = Sportify/Info.plist;
				LD_RUNPATH_SEARCH_PATHS = (
					"$(inherited)",
					"@executable_path/Frameworks",
				);
				PRODUCT_BUNDLE_IDENTIFIER = com.Sportify.Sportify;
				PRODUCT_NAME = "$(TARGET_NAME)";
				SWIFT_VERSION = 5.0;
				TARGETED_DEVICE_FAMILY = "1,2";
			};
			name = Release;
		};
		3DD9DF3F2FACEEFD00BBA3A0 /* Debug */ = {
			isa = XCBuildConfiguration;
			buildSettings = {
				ALWAYS_EMBED_SWIFT_STANDARD_LIBRARIES = YES;
				BUNDLE_LOADER = "$(TEST_HOST)";
				CODE_SIGN_STYLE = Automatic;
				INFOPLIST_FILE = SportifyTests/Info.plist;
				IPHONEOS_DEPLOYMENT_TARGET = 14.5;
				LD_RUNPATH_SEARCH_PATHS = (
					"$(inherited)",
					"@executable_path/Frameworks",
					"@loader_path/Frameworks",
				);
				PRODUCT_BUNDLE_IDENTIFIER = com.Sportify.SportifyTests;
				PRODUCT_NAME = "$(TARGET_NAME)";
				SWIFT_VERSION = 5.0;
				TARGETED_DEVICE_FAMILY = "1,2";
				TEST_HOST = "$(BUILT_PRODUCTS_DIR)/Sportify.app/Sportify";
			};
			name = Debug;
		};
		3DD9DF402FACEEFD00BBA3A0 /* Release */ = {
			isa = XCBuildConfiguration;
			buildSettings = {
				ALWAYS_EMBED_SWIFT_STANDARD_LIBRARIES = YES;
				BUNDLE_LOADER = "$(TEST_HOST)";
				CODE_SIGN_STYLE = Automatic;
				INFOPLIST_FILE = SportifyTests/Info.plist;
				IPHONEOS_DEPLOYMENT_TARGET = 14.5;
				LD_RUNPATH_SEARCH_PATHS = (
					"$(inherited)",
					"@executable_path/Frameworks",
					"@loader_path/Frameworks",
				);
				PRODUCT_BUNDLE_IDENTIFIER = com.Sportify.SportifyTests;
				PRODUCT_NAME = "$(TARGET_NAME)";
				SWIFT_VERSION = 5.0;
				TARGETED_DEVICE_FAMILY = "1,2";
				TEST_HOST = "$(BUILT_PRODUCTS_DIR)/Sportify.app/Sportify";
			};
			name = Release;
		};
		3DD9DF422FACEEFD00BBA3A0 /* Debug */ = {
			isa = XCBuildConfiguration;
			buildSettings = {
				ALWAYS_EMBED_SWIFT_STANDARD_LIBRARIES = YES;
				CODE_SIGN_STYLE = Automatic;
				INFOPLIST_FILE = SportifyUITests/Info.plist;
				LD_RUNPATH_SEARCH_PATHS = (
					"$(inherited)",
					"@executable_path/Frameworks",
					"@loader_path/Frameworks",
				);
				PRODUCT_BUNDLE_IDENTIFIER = com.Sportify.SportifyUITests;
				PRODUCT_NAME = "$(TARGET_NAME)";
				SWIFT_VERSION = 5.0;
				TARGETED_DEVICE_FAMILY = "1,2";
				TEST_TARGET_NAME = Sportify;
			};
			name = Debug;
		};
		3DD9DF432FACEEFD00BBA3A0 /* Release */ = {
			isa = XCBuildConfiguration;
			buildSettings = {
				ALWAYS_EMBED_SWIFT_STANDARD_LIBRARIES = YES;
				CODE_SIGN_STYLE = Automatic;
				INFOPLIST_FILE = SportifyUITests/Info.plist;
				LD_RUNPATH_SEARCH_PATHS = (
					"$(inherited)",
					"@executable_path/Frameworks",
					"@loader_path/Frameworks",
				);
				PRODUCT_BUNDLE_IDENTIFIER = com.Sportify.SportifyUITests;
				PRODUCT_NAME = "$(TARGET_NAME)";
				SWIFT_VERSION = 5.0;
				TARGETED_DEVICE_FAMILY = "1,2";
				TEST_TARGET_NAME = Sportify;
			};
			name = Release;
		};
/* End XCBuildConfiguration section */

/* Begin XCConfigurationList section */
		3DD9DF092FACEEFB00BBA3A0 /* Build configuration list for PBXProject "Sportify" */ = {
			isa = XCConfigurationList;
			buildConfigurations = (
				3DD9DF392FACEEFD00BBA3A0 /* Debug */,
				3DD9DF3A2FACEEFD00BBA3A0 /* Release */,
			);
			defaultConfigurationIsVisible = 0;
			defaultConfigurationName = Release;
		};
		3DD9DF3B2FACEEFD00BBA3A0 /* Build configuration list for PBXNativeTarget "Sportify" */ = {
			isa = XCConfigurationList;
			buildConfigurations = (
				3DD9DF3C2FACEEFD00BBA3A0 /* Debug */,
				3DD9DF3D2FACEEFD00BBA3A0 /* Release */,
			);
			defaultConfigurationIsVisible = 0;
			defaultConfigurationName = Release;
		};
		3DD9DF3E2FACEEFD00BBA3A0 /* Build configuration list for PBXNativeTarget "SportifyTests" */ = {
			isa = XCConfigurationList;
			buildConfigurations = (
				3DD9DF3F2FACEEFD00BBA3A0 /* Debug */,
				3DD9DF402FACEEFD00BBA3A0 /* Release */,
			);
			defaultConfigurationIsVisible = 0;
			defaultConfigurationName = Release;
		};
		3DD9DF412FACEEFD00BBA3A0 /* Build configuration list for PBXNativeTarget "SportifyUITests" */ = {
			isa = XCConfigurationList;
			buildConfigurations = (
				3DD9DF422FACEEFD00BBA3A0 /* Debug */,
				3DD9DF432FACEEFD00BBA3A0 /* Release */,
			);
			defaultConfigurationIsVisible = 0;
			defaultConfigurationName = Release;
		};
/* End XCConfigurationList section */

/* Begin XCRemoteSwiftPackageReference section */
		3D0926592FAE53DC00FC7357 /* XCRemoteSwiftPackageReference "sdwebimage" */ = {
			isa = XCRemoteSwiftPackageReference;
			repositoryURL = "https://github.com/sdwebimage/sdwebimage";
			requirement = {
				kind = exactVersion;
				version = 5.9.3;
			};
		};
		3D09265C2FAE54B300FC7357 /* XCRemoteSwiftPackageReference "alamofire" */ = {
			isa = XCRemoteSwiftPackageReference;
			repositoryURL = "https://github.com/alamofire/alamofire";
			requirement = {
				kind = exactVersion;
				version = 5.4.0;
			};
		};
/* End XCRemoteSwiftPackageReference section */

/* Begin XCSwiftPackageProductDependency section */
		3D09265A2FAE53DC00FC7357 /* SDWebImage */ = {
			isa = XCSwiftPackageProductDependency;
			package = 3D0926592FAE53DC00FC7357 /* XCRemoteSwiftPackageReference "sdwebimage" */;
			productName = SDWebImage;
		};
		3D09265D2FAE54B300FC7357 /* Alamofire */ = {
			isa = XCSwiftPackageProductDependency;
			package = 3D09265C2FAE54B300FC7357 /* XCRemoteSwiftPackageReference "alamofire" */;
			productName = Alamofire;
		};
/* End XCSwiftPackageProductDependency section */

/* Begin XCVersionGroup section */
		3DD9DF1A2FACEEFB00BBA3A0 /* Sportify.xcdatamodeld */ = {
			isa = XCVersionGroup;
			children = (
				3DD9DF1B2FACEEFB00BBA3A0 /* Sportify.xcdatamodel */,
			);
			currentVersion = 3DD9DF1B2FACEEFB00BBA3A0 /* Sportify.xcdatamodel */;
			path = Sportify.xcdatamodeld;
			sourceTree = "<group>";
			versionGroupType = wrapper.xcdatamodel;
		};
/* End XCVersionGroup section */
	};
	rootObject = 3DD9DF062FACEEFB00BBA3A0 /* Project object */;
}
